
Microsoft Visual Studio Solution File, Format Version 12.00
# Visual Studio Version 16
VisualStudioVersion = 16.0.29102.190
MinimumVisualStudioVersion = 10.0.40219.1
Project("{FAE04EC0-301F-11D3-BF4B-00C04F79EFBC}") = "pelazem.http", "pelazem.http\pelazem.http.csproj", "{46E466CB-D32B-4356-8730-7B7F474BB595}"
EndProject
Global
	GlobalSection(SolutionConfigurationPlatforms) = preSolution
		Debug|Any CPU = Debug|Any CPU
		Release|Any CPU = Release|Any CPU
	EndGlobalSection
	GlobalSection(ProjectConfigurationPlatforms) = postSolution
		{46E466CB-D32B-4356-8730-7B7F474BB595}.Debug|Any CPU.ActiveCfg = Debug|Any CPU
		{46E466CB-D32B-4356-8730-7B7F474BB595}.Debug|Any CPU.Build.0 = Debug|Any CPU
		{46E466CB-D32B-4356-8730-7B7F474BB595}.Release|Any CPU.ActiveCfg = Release|Any CPU
		{46E466CB-D32B-4356-8730-7B7F474BB595}.Release|Any CPU.Build.0 = Release|Any CPU
	EndGlobalSection
	GlobalSection(SolutionProperties) = preSolution
		HideSolutionNode = FALSE
	EndGlobalSection
	GlobalSection(ExtensibilityGlobals) = postSolution
		SolutionGuid = {F8ADDED5-87C4-4CF8-A93D-6A902851ED43}
	EndGlobalSection
EndGlobal
